
Microsoft Visual Studio Solution File, Format Version 12.00
# Visual Studio Version 17
VisualStudioVersion = 17.0.31903.59
MinimumVisualStudioVersion = 10.0.40219.1
Project("{2150E333-8FDC-42A3-9474-1A3956D46DE8}") = "src", "src", "{827E0CD3-B72D-47B6-A68D-7590B98EB39B}"
EndProject
Project("{FAE04EC0-301F-11D3-BF4B-00C04F79EFBC}") = "CDE.Runtime", "src\CDE.Runtime\CDE.Runtime.csproj", "{40C2042D-5017-4DA8-A690-FBB87C25283A}"
EndProject
Project("{FAE04EC0-301F-11D3-BF4B-00C04F79EFBC}") = "CDE.Tools.Forge", "src\CDE.Tools.Forge\CDE.Tools.Forge.csproj", "{95334ADA-03B4-46F9-BA96-CB5001F1C9C5}"
EndProject
Project("{FAE04EC0-301F-11D3-BF4B-00C04F79EFBC}") = "CDE.Game", "src\CDE.Game\CDE.Game.csproj", "{C7F519B1-C561-4C8D-B1B1-E499C75A465F}"
EndProject
Project("{FAE04EC0-301F-11D3-BF4B-00C04F79EFBC}") = "CDE.SpriteStudio", "src\CDE.SpriteStudio\CDE.SpriteStudio.csproj", "{F171552F-F753-494A-AF00-84833211A3F8}"
EndProject
Project("{FAE04EC0-301F-11D3-BF4B-00C04F79EFBC}") = "CDE.Gameplay", "src\CDE.Gameplay\CDE.Gameplay.csproj", "{3F07E2ED-1519-4C14-A550-94E8DDB4D699}"
EndProject
Project("{FAE04EC0-301F-11D3-BF4B-00C04F79EFBC}") = "CDE.Gameplay.Demo", "src\CDE.Gameplay.Demo\CDE.Gameplay.Demo.csproj", "{5A7A262D-F61C-4A93-9FC8-2AAB3D5C0157}"
EndProject
Global
	GlobalSection(SolutionConfigurationPlatforms) = preSolution
		Debug|Any CPU = Debug|Any CPU
		Debug|x64 = Debug|x64
		Debug|x86 = Debug|x86
		Release|Any CPU = Release|Any CPU
		Release|x64 = Release|x64
		Release|x86 = Release|x86
	EndGlobalSection
	GlobalSection(ProjectConfigurationPlatforms) = postSolution
		{40C2042D-5017-4DA8-A690-FBB87C25283A}.Debug|Any CPU.ActiveCfg = Debug|Any CPU
		{40C2042D-5017-4DA8-A690-FBB87C25283A}.Debug|Any CPU.Build.0 = Debug|Any CPU
		{40C2042D-5017-4DA8-A690-FBB87C25283A}.Debug|x64.ActiveCfg = Debug|Any CPU
		{40C2042D-5017-4DA8-A690-FBB87C25283A}.Debug|x64.Build.0 = Debug|Any CPU
		{40C2042D-5017-4DA8-A690-FBB87C25283A}.Debug|x86.ActiveCfg = Debug|Any CPU
		{40C2042D-5017-4DA8-A690-FBB87C25283A}.Debug|x86.Build.0 = Debug|Any CPU
		{40C2042D-5017-4DA8-A690-FBB87C25283A}.Release|Any CPU.ActiveCfg = Release|Any CPU
		{40C2042D-5017-4DA8-A690-FBB87C25283A}.Release|Any CPU.Build.0 = Release|Any CPU
		{40C2042D-5017-4DA8-A690-FBB87C25283A}.Release|x64.ActiveCfg = Release|Any CPU
		{40C2042D-5017-4DA8-A690-FBB87C25283A}.Release|x64.Build.0 = Release|Any CPU
		{40C2042D-5017-4DA8-A690-FBB87C25283A}.Release|x86.ActiveCfg = Release|Any CPU
		{40C2042D-5017-4DA8-A690-FBB87C25283A}.Release|x86.Build.0 = Release|Any CPU
		{95334ADA-03B4-46F9-BA96-CB5001F1C9C5}.Debug|Any CPU.ActiveCfg = Debug|Any CPU
		{95334ADA-03B4-46F9-BA96-CB5001F1C9C5}.Debug|Any CPU.Build.0 = Debug|Any CPU
		{95334ADA-03B4-46F9-BA96-CB5001F1C9C5}.Debug|x64.ActiveCfg = Debug|Any CPU
		{95334ADA-03B4-46F9-BA96-CB5001F1C9C5}.Debug|x64.Build.0 = Debug|Any CPU
		{95334ADA-03B4-46F9-BA96-CB5001F1C9C5}.Debug|x86.ActiveCfg = Debug|Any CPU
		{95334ADA-03B4-46F9-BA96-CB5001F1C9C5}.Debug|x86.Build.0 = Debug|Any CPU
		{95334ADA-03B4-46F9-BA96-CB5001F1C9C5}.Release|Any CPU.ActiveCfg = Release|Any CPU
		{95334ADA-03B4-46F9-BA96-CB5001F1C9C5}.Release|Any CPU.Build.0 = Release|Any CPU
		{95334ADA-03B4-46F9-BA96-CB5001F1C9C5}.Release|x64.ActiveCfg = Release|Any CPU
		{95334ADA-03B4-46F9-BA96-CB5001F1C9C5}.Release|x64.Build.0 = Release|Any CPU
		{95334ADA-03B4-46F9-BA96-CB5001F1C9C5}.Release|x86.ActiveCfg = Release|Any CPU
		{95334ADA-03B4-46F9-BA96-CB5001F1C9C5}.Release|x86.Build.0 = Release|Any CPU
		{C7F519B1-C561-4C8D-B1B1-E499C75A465F}.Debug|Any CPU.ActiveCfg = Debug|Any CPU
		{C7F519B1-C561-4C8D-B1B1-E499C75A465F}.Debug|Any CPU.Build.0 = Debug|Any CPU
		{C7F519B1-C561-4C8D-B1B1-E499C75A465F}.Debug|x64.ActiveCfg = Debug|Any CPU
		{C7F519B1-C561-4C8D-B1B1-E499C75A465F}.Debug|x64.Build.0 = Debug|Any CPU
		{C7F519B1-C561-4C8D-B1B1-E499C75A465F}.Debug|x86.ActiveCfg = Debug|Any CPU
		{C7F519B1-C561-4C8D-B1B1-E499C75A465F}.Debug|x86.Build.0 = Debug|Any CPU
		{C7F519B1-C561-4C8D-B1B1-E499C75A465F}.Release|Any CPU.ActiveCfg = Release|Any CPU
		{C7F519B1-C561-4C8D-B1B1-E499C75A465F}.Release|Any CPU.Build.0 = Release|Any CPU
		{C7F519B1-C561-4C8D-B1B1-E499C75A465F}.Release|x64.ActiveCfg = Release|Any CPU
		{C7F519B1-C561-4C8D-B1B1-E499C75A465F}.Release|x64.Build.0 = Release|Any CPU
		{C7F519B1-C561-4C8D-B1B1-E499C75A465F}.Release|x86.ActiveCfg = Release|Any CPU
		{C7F519B1-C561-4C8D-B1B1-E499C75A465F}.Release|x86.Build.0 = Release|Any CPU
		{F171552F-F753-494A-AF00-84833211A3F8}.Debug|Any CPU.ActiveCfg = Debug|Any CPU
		{F171552F-F753-494A-AF00-84833211A3F8}.Debug|Any CPU.Build.0 = Debug|Any CPU
		{F171552F-F753-494A-AF00-84833211A3F8}.Debug|x64.ActiveCfg = Debug|Any CPU
		{F171552F-F753-494A-AF00-84833211A3F8}.Debug|x64.Build.0 = Debug|Any CPU
		{F171552F-F753-494A-AF00-84833211A3F8}.Debug|x86.ActiveCfg = Debug|Any CPU
		{F171552F-F753-494A-AF00-84833211A3F8}.Debug|x86.Build.0 = Debug|Any CPU
		{F171552F-F753-494A-AF00-84833211A3F8}.Release|Any CPU.ActiveCfg = Release|Any CPU
		{F171552F-F753-494A-AF00-84833211A3F8}.Release|Any CPU.Build.0 = Release|Any CPU
		{F171552F-F753-494A-AF00-84833211A3F8}.Release|x64.ActiveCfg = Release|Any CPU
		{F171552F-F753-494A-AF00-84833211A3F8}.Release|x64.Build.0 = Release|Any CPU
		{F171552F-F753-494A-AF00-84833211A3F8}.Release|x86.ActiveCfg = Release|Any CPU
		{F171552F-F753-494A-AF00-84833211A3F8}.Release|x86.Build.0 = Release|Any CPU
		{3F07E2ED-1519-4C14-A550-94E8DDB4D699}.Debug|Any CPU.ActiveCfg = Debug|Any CPU
		{3F07E2ED-1519-4C14-A550-94E8DDB4D699}.Debug|Any CPU.Build.0 = Debug|Any CPU
		{3F07E2ED-1519-4C14-A550-94E8DDB4D699}.Debug|x64.ActiveCfg = Debug|Any CPU
		{3F07E2ED-1519-4C14-A550-94E8DDB4D699}.Debug|x64.Build.0 = Debug|Any CPU
		{3F07E2ED-1519-4C14-A550-94E8DDB4D699}.Debug|x86.ActiveCfg = Debug|Any CPU
		{3F07E2ED-1519-4C14-A550-94E8DDB4D699}.Debug|x86.Build.0 = Debug|Any CPU
		{3F07E2ED-1519-4C14-A550-94E8DDB4D699}.Release|Any CPU.ActiveCfg = Release|Any CPU
		{3F07E2ED-1519-4C14-A550-94E8DDB4D699}.Release|Any CPU.Build.0 = Release|Any CPU
		{3F07E2ED-1519-4C14-A550-94E8DDB4D699}.Release|x64.ActiveCfg = Release|Any CPU
		{3F07E2ED-1519-4C14-A550-94E8DDB4D699}.Release|x64.Build.0 = Release|Any CPU
		{3F07E2ED-1519-4C14-A550-94E8DDB4D699}.Release|x86.ActiveCfg = Release|Any CPU
		{3F07E2ED-1519-4C14-A550-94E8DDB4D699}.Release|x86.Build.0 = Release|Any CPU
		{5A7A262D-F61C-4A93-9FC8-2AAB3D5C0157}.Debug|Any CPU.ActiveCfg = Debug|Any CPU
		{5A7A262D-F61C-4A93-9FC8-2AAB3D5C0157}.Debug|Any CPU.Build.0 = Debug|Any CPU
		{5A7A262D-F61C-4A93-9FC8-2AAB3D5C0157}.Debug|x64.ActiveCfg = Debug|Any CPU
		{5A7A262D-F61C-4A93-9FC8-2AAB3D5C0157}.Debug|x64.Build.0 = Debug|Any CPU
		{5A7A262D-F61C-4A93-9FC8-2AAB3D5C0157}.Debug|x86.ActiveCfg = Debug|Any CPU
		{5A7A262D-F61C-4A93-9FC8-2AAB3D5C0157}.Debug|x86.Build.0 = Debug|Any CPU
		{5A7A262D-F61C-4A93-9FC8-2AAB3D5C0157}.Release|Any CPU.ActiveCfg = Release|Any CPU
		{5A7A262D-F61C-4A93-9FC8-2AAB3D5C0157}.Release|Any CPU.Build.0 = Release|Any CPU
		{5A7A262D-F61C-4A93-9FC8-2AAB3D5C0157}.Release|x64.ActiveCfg = Release|Any CPU
		{5A7A262D-F61C-4A93-9FC8-2AAB3D5C0157}.Release|x64.Build.0 = Release|Any CPU
		{5A7A262D-F61C-4A93-9FC8-2AAB3D5C0157}.Release|x86.ActiveCfg = Release|Any CPU
		{5A7A262D-F61C-4A93-9FC8-2AAB3D5C0157}.Release|x86.Build.0 = Release|Any CPU
	EndGlobalSection
	GlobalSection(SolutionProperties) = preSolution
		HideSolutionNode = FALSE
	EndGlobalSection
	GlobalSection(NestedProjects) = preSolution
		{40C2042D-5017-4DA8-A690-FBB87C25283A} = {827E0CD3-B72D-47B6-A68D-7590B98EB39B}
		{95334ADA-03B4-46F9-BA96-CB5001F1C9C5} = {827E0CD3-B72D-47B6-A68D-7590B98EB39B}
		{C7F519B1-C561-4C8D-B1B1-E499C75A465F} = {827E0CD3-B72D-47B6-A68D-7590B98EB39B}
		{F171552F-F753-494A-AF00-84833211A3F8} = {827E0CD3-B72D-47B6-A68D-7590B98EB39B}
		{3F07E2ED-1519-4C14-A550-94E8DDB4D699} = {827E0CD3-B72D-47B6-A68D-7590B98EB39B}
		{5A7A262D-F61C-4A93-9FC8-2AAB3D5C0157} = {827E0CD3-B72D-47B6-A68D-7590B98EB39B}
	EndGlobalSection
EndGlobal
